// !$*UTF8*$!
{
	archiveVersion = 1;
	classes = {
	};
	objectVersion = 50;
	objects = {

/* Begin PBXBuildFile section */
		1B8CD85926B9D163001613B0 /* AppDelegate.swift in Sources */ = {isa = PBXBuildFile; fileRef = 1B8CD85826B9D163001613B0 /* AppDelegate.swift */; };
		1B8CD85B26B9D163001613B0 /* SceneDelegate.swift in Sources */ = {isa = PBXBuildFile; fileRef = 1B8CD85A26B9D163001613B0 /* SceneDelegate.swift */; };
		1B8CD85D26B9D163001613B0 /* ViewController.swift in Sources */ = {isa = PBXBuildFile; fileRef = 1B8CD85C26B9D163001613B0 /* ViewController.swift */; };
		1B8CD86026B9D163001613B0 /* Main.storyboard in Resources */ = {isa = PBXBuildFile; fileRef = 1B8CD85E26B9D163001613B0 /* Main.storyboard */; };
		1B8CD86226B9D164001613B0 /* Assets.xcassets in Resources */ = {isa = PBXBuildFile; fileRef = 1B8CD86126B9D164001613B0 /* Assets.xcassets */; };
		1B8CD86526B9D164001613B0 /* LaunchScreen.storyboard in Resources */ = {isa = PBXBuildFile; fileRef = 1B8CD86326B9D164001613B0 /* LaunchScreen.storyboard */; };
		1B8CD87026B9D164001613B0 /* PokemonTCGTests.swift in Sources */ = {isa = PBXBuildFile; fileRef = 1B8CD86F26B9D164001613B0 /* PokemonTCGTests.swift */; };
		1B8CD87B26B9D165001613B0 /* PokemonTCGUITests.swift in Sources */ = {isa = PBXBuildFile; fileRef = 1B8CD87A26B9D165001613B0 /* PokemonTCGUITests.swift */; };
/* End PBXBuildFile section */

/* Begin PBXContainerItemProxy section */
		1B8CD86C26B9D164001613B0 /* PBXContainerItemProxy */ = {
			isa = PBXContainerItemProxy;
			containerPortal = 1B8CD84D26B9D163001613B0 /* Project object */;
			proxyType = 1;
			remoteGlobalIDString = 1B8CD85426B9D163001613B0;
			remoteInfo = PokemonTCG;
		};
		1B8CD87726B9D165001613B0 /* PBXContainerItemProxy */ = {
			isa = PBXContainerItemProxy;
			containerPortal = 1B8CD84D26B9D163001613B0 /* Project object */;
			proxyType = 1;
			remoteGlobalIDString = 1B8CD85426B9D163001613B0;
			remoteInfo = PokemonTCG;
		};
/* End PBXContainerItemProxy section */

/* Begin PBXFileReference section */
		1B8CD85526B9D163001613B0 /* PokemonTCG.app */ = {isa = PBXFileReference; explicitFileType = wrapper.application; includeInIndex = 0; path = PokemonTCG.app; sourceTree = BUILT_PRODUCTS_DIR; };
		1B8CD85826B9D163001613B0 /* AppDelegate.swift */ = {isa = PBXFileReference; lastKnownFileType = sourcecode.swift; path = AppDelegate.swift; sourceTree = "<group>"; };
		1B8CD85A26B9D163001613B0 /* SceneDelegate.swift */ = {isa = PBXFileReference; lastKnownFileType = sourcecode.swift; path = SceneDelegate.swift; sourceTree = "<group>"; };
		1B8CD85C26B9D163001613B0 /* ViewController.swift */ = {isa = PBXFileReference; lastKnownFileType = sourcecode.swift; path = ViewController.swift; sourceTree = "<group>"; };
		1B8CD85F26B9D163001613B0 /* Base */ = {isa = PBXFileReference; lastKnownFileType = file.storyboard; name = Base; path = Base.lproj/Main.storyboard; sourceTree = "<group>"; };
		1B8CD86126B9D164001613B0 /* Assets.xcassets */ = {isa = PBXFileReference; lastKnownFileType = folder.assetcatalog; path = Assets.xcassets; sourceTree = "<group>"; };
		1B8CD86426B9D164001613B0 /* Base */ = {isa = PBXFileReference; lastKnownFileType = file.storyboard; name = Base; path = Base.lproj/LaunchScreen.storyboard; sourceTree = "<group>"; };
		1B8CD86626B9D164001613B0 /* Info.plist */ = {isa = PBXFileReference; lastKnownFileType = text.plist.xml; path = Info.plist; sourceTree = "<group>"; };
		1B8CD86B26B9D164001613B0 /* PokemonTCGTests.xctest */ = {isa = PBXFileReference; explicitFileType = wrapper.cfbundle; includeInIndex = 0; path = PokemonTCGTests.xctest; sourceTree = BUILT_PRODUCTS_DIR; };
		1B8CD86F26B9D164001613B0 /* PokemonTCGTests.swift */ = {isa = PBXFileReference; lastKnownFileType = sourcecode.swift; path = PokemonTCGTests.swift; sourceTree = "<group>"; };
		1B8CD87126B9D164001613B0 /* Info.plist */ = {isa = PBXFileReference; lastKnownFileType = text.plist.xml; path = Info.plist; sourceTree = "<group>"; };
		1B8CD87626B9D165001613B0 /* PokemonTCGUITests.xctest */ = {isa = PBXFileReference; explicitFileType = wrapper.cfbundle; includeInIndex = 0; path = PokemonTCGUITests.xctest; sourceTree = BUILT_PRODUCTS_DIR; };
		1B8CD87A26B9D165001613B0 /* PokemonTCGUITests.swift */ = {isa = PBXFileReference; lastKnownFileType = sourcecode.swift; path = PokemonTCGUITests.swift; sourceTree = "<group>"; };
		1B8CD87C26B9D165001613B0 /* Info.plist */ = {isa = PBXFileReference; lastKnownFileType = text.plist.xml; path = Info.plist; sourceTree = "<group>"; };
/* End PBXFileReference section */

/* Begin PBXFrameworksBuildPhase section */
		1B8CD85226B9D163001613B0 /* Frameworks */ = {
			isa = PBXFrameworksBuildPhase;
			buildActionMask = 2147483647;
			files = (
			);
			runOnlyForDeploymentPostprocessing = 0;
		};
		1B8CD86826B9D164001613B0 /* Frameworks */ = {
			isa = PBXFrameworksBuildPhase;
			buildActionMask = 2147483647;
			files = (
			);
			runOnlyForDeploymentPostprocessing = 0;
		};
		1B8CD87326B9D165001613B0 /* Frameworks */ = {
			isa = PBXFrameworksBuildPhase;
			buildActionMask = 2147483647;
			files = (
			);
			runOnlyForDeploymentPostprocessing = 0;
		};
/* End PBXFrameworksBuildPhase section */

/* Begin PBXGroup section */
		1B8CD84C26B9D163001613B0 = {
			isa = PBXGroup;
			children = (
				1B8CD85726B9D163001613B0 /* PokemonTCG */,
				1B8CD86E26B9D164001613B0 /* PokemonTCGTests */,
				1B8CD87926B9D165001613B0 /* PokemonTCGUITests */,
				1B8CD85626B9D163001613B0 /* Products */,
			);
			sourceTree = "<group>";
		};
		1B8CD85626B9D163001613B0 /* Products */ = {
			isa = PBXGroup;
			children = (
				1B8CD85526B9D163001613B0 /* PokemonTCG.app */,
				1B8CD86B26B9D164001613B0 /* PokemonTCGTests.xctest */,
				1B8CD87626B9D165001613B0 /* PokemonTCGUITests.xctest */,
			);
			name = Products;
			sourceTree = "<group>";
		};
		1B8CD85726B9D163001613B0 /* PokemonTCG */ = {
			isa = PBXGroup;
			children = (
				1B8CD85826B9D163001613B0 /* AppDelegate.swift */,
				1B8CD85A26B9D163001613B0 /* SceneDelegate.swift */,
				1B8CD85C26B9D163001613B0 /* ViewController.swift */,
				1B8CD85E26B9D163001613B0 /* Main.storyboard */,
				1B8CD86126B9D164001613B0 /* Assets.xcassets */,
				1B8CD86326B9D164001613B0 /* LaunchScreen.storyboard */,
				1B8CD86626B9D164001613B0 /* Info.plist */,
			);
			path = PokemonTCG;
			sourceTree = "<group>";
		};
		1B8CD86E26B9D164001613B0 /* PokemonTCGTests */ = {
			isa = PBXGroup;
			children = (
				1B8CD86F26B9D164001613B0 /* PokemonTCGTests.swift */,
				1B8CD87126B9D164001613B0 /* Info.plist */,
			);
			path = PokemonTCGTests;
			sourceTree = "<group>";
		};
		1B8CD87926B9D165001613B0 /* PokemonTCGUITests */ = {
			isa = PBXGroup;
			children = (
				1B8CD87A26B9D165001613B0 /* PokemonTCGUITests.swift */,
				1B8CD87C26B9D165001613B0 /* Info.plist */,
			);
			path = PokemonTCGUITests;
			sourceTree = "<group>";
		};
/* End PBXGroup section */

/* Begin PBXNativeTarget section */
		1B8CD85426B9D163001613B0 /* PokemonTCG */ = {
			isa = PBXNativeTarget;
			buildConfigurationList = 1B8CD87F26B9D165001613B0 /* Build configuration list for PBXNativeTarget "PokemonTCG" */;
			buildPhases = (
				1B8CD85126B9D163001613B0 /* Sources */,
				1B8CD85226B9D163001613B0 /* Frameworks */,
				1B8CD85326B9D163001613B0 /* Resources */,
			);
			buildRules = (
			);
			dependencies = (
			);
			name = PokemonTCG;
			productName = PokemonTCG;
			productReference = 1B8CD85526B9D163001613B0 /* PokemonTCG.app */;
			productType = "com.apple.product-type.application";
		};
		1B8CD86A26B9D164001613B0 /* PokemonTCGTests */ = {
			isa = PBXNativeTarget;
			buildConfigurationList = 1B8CD88226B9D165001613B0 /* Build configuration list for PBXNativeTarget "PokemonTCGTests" */;
			buildPhases = (
				1B8CD86726B9D164001613B0 /* Sources */,
				1B8CD86826B9D164001613B0 /* Frameworks */,
				1B8CD86926B9D164001613B0 /* Resources */,
			);
			buildRules = (
			);
			dependencies = (
				1B8CD86D26B9D164001613B0 /* PBXTargetDependency */,
			);
			name = PokemonTCGTests;
			productName = PokemonTCGTests;
			productReference = 1B8CD86B26B9D164001613B0 /* PokemonTCGTests.xctest */;
			productType = "com.apple.product-type.bundle.unit-test";
		};
		1B8CD87526B9D165001613B0 /* PokemonTCGUITests */ = {
			isa = PBXNativeTarget;
			buildConfigurationList = 1B8CD88526B9D165001613B0 /* Build configuration list for PBXNativeTarget "PokemonTCGUITests" */;
			buildPhases = (
				1B8CD87226B9D165001613B0 /* Sources */,
				1B8CD87326B9D165001613B0 /* Frameworks */,
				1B8CD87426B9D165001613B0 /* Resources */,
			);
			buildRules = (
			);
			dependencies = (
				1B8CD87826B9D165001613B0 /* PBXTargetDependency */,
			);
			name = PokemonTCGUITests;
			productName = PokemonTCGUITests;
			productReference = 1B8CD87626B9D165001613B0 /* PokemonTCGUITests.xctest */;
			productType = "com.apple.product-type.bundle.ui-testing";
		};
/* End PBXNativeTarget section */

/* Begin PBXProject section */
		1B8CD84D26B9D163001613B0 /* Project object */ = {
			isa = PBXProject;
			attributes = {
				LastSwiftUpdateCheck = 1250;
				LastUpgradeCheck = 1250;
				TargetAttributes = {
					1B8CD85426B9D163001613B0 = {
						CreatedOnToolsVersion = 12.5.1;
					};
					1B8CD86A26B9D164001613B0 = {
						CreatedOnToolsVersion = 12.5.1;
						TestTargetID = 1B8CD85426B9D163001613B0;
					};
					1B8CD87526B9D165001613B0 = {
						CreatedOnToolsVersion = 12.5.1;
						TestTargetID = 1B8CD85426B9D163001613B0;
					};
				};
			};
			buildConfigurationList = 1B8CD85026B9D163001613B0 /* Build configuration list for PBXProject "PokemonTCG" */;
			compatibilityVersion = "Xcode 9.3";
			developmentRegion = en;
			hasScannedForEncodings = 0;
			knownRegions = (
				en,
				Base,
			);
			mainGroup = 1B8CD84C26B9D163001613B0;
			productRefGroup = 1B8CD85626B9D163001613B0 /* Products */;
			projectDirPath = "";
			projectRoot = "";
			targets = (
				1B8CD85426B9D163001613B0 /* PokemonTCG */,
				1B8CD86A26B9D164001613B0 /* PokemonTCGTests */,
				1B8CD87526B9D165001613B0 /* PokemonTCGUITests */,
			);
		};
/* End PBXProject section */

/* Begin PBXResourcesBuildPhase section */
		1B8CD85326B9D163001613B0 /* Resources */ = {
			isa = PBXResourcesBuildPhase;
			buildActionMask = 2147483647;
			files = (
				1B8CD86526B9D164001613B0 /* LaunchScreen.storyboard in Resources */,
				1B8CD86226B9D164001613B0 /* Assets.xcassets in Resources */,
				1B8CD86026B9D163001613B0 /* Main.storyboard in Resources */,
			);
			runOnlyForDeploymentPostprocessing = 0;
		};
		1B8CD86926B9D164001613B0 /* Resources */ = {
			isa = PBXResourcesBuildPhase;
			buildActionMask = 2147483647;
			files = (
			);
			runOnlyForDeploymentPostprocessing = 0;
		};
		1B8CD87426B9D165001613B0 /* Resources */ = {
			isa = PBXResourcesBuildPhase;
			buildActionMask = 2147483647;
			files = (
			);
			runOnlyForDeploymentPostprocessing = 0;
		};
/* End PBXResourcesBuildPhase section */

/* Begin PBXSourcesBuildPhase section */
		1B8CD85126B9D163001613B0 /* Sources */ = {
			isa = PBXSourcesBuildPhase;
			buildActionMask = 2147483647;
			files = (
				1B8CD85D26B9D163001613B0 /* ViewController.swift in Sources */,
				1B8CD85926B9D163001613B0 /* AppDelegate.swift in Sources */,
				1B8CD85B26B9D163001613B0 /* SceneDelegate.swift in Sources */,
			);
			runOnlyForDeploymentPostprocessing = 0;
		};
		1B8CD86726B9D164001613B0 /* Sources */ = {
			isa = PBXSourcesBuildPhase;
			buildActionMask = 2147483647;
			files = (
				1B8CD87026B9D164001613B0 /* PokemonTCGTests.swift in Sources */,
			);
			runOnlyForDeploymentPostprocessing = 0;
		};
		1B8CD87226B9D165001613B0 /* Sources */ = {
			isa = PBXSourcesBuildPhase;
			buildActionMask = 2147483647;
			files = (
				1B8CD87B26B9D165001613B0 /* PokemonTCGUITests.swift in Sources */,
			);
			runOnlyForDeploymentPostprocessing = 0;
		};
/* End PBXSourcesBuildPhase section */

/* Begin PBXTargetDependency section */
		1B8CD86D26B9D164001613B0 /* PBXTargetDependency */ = {
			isa = PBXTargetDependency;
			target = 1B8CD85426B9D163001613B0 /* PokemonTCG */;
			targetProxy = 1B8CD86C26B9D164001613B0 /* PBXContainerItemProxy */;
		};
		1B8CD87826B9D165001613B0 /* PBXTargetDependency */ = {
			isa = PBXTargetDependency;
			target = 1B8CD85426B9D163001613B0 /* PokemonTCG */;
			targetProxy = 1B8CD87726B9D165001613B0 /* PBXContainerItemProxy */;
		};
/* End PBXTargetDependency section */

/* Begin PBXVariantGroup section */
		1B8CD85E26B9D163001613B0 /* Main.storyboard */ = {
			isa = PBXVariantGroup;
			children = (
				1B8CD85F26B9D163001613B0 /* Base */,
			);
			name = Main.storyboard;
			sourceTree = "<group>";
		};
		1B8CD86326B9D164001613B0 /* LaunchScreen.storyboard */ = {
			isa = PBXVariantGroup;
			children = (
				1B8CD86426B9D164001613B0 /* Base */,
			);
			name = LaunchScreen.storyboard;
			sourceTree = "<group>";
		};
/* End PBXVariantGroup section */

/* Begin XCBuildConfiguration section */
		1B8CD87D26B9D165001613B0 /* Debug */ = {
			isa = XCBuildConfiguration;
			buildSettings = {
				ALWAYS_SEARCH_USER_PATHS = NO;
				CLANG_ANALYZER_NONNULL = YES;
				CLANG_ANALYZER_NUMBER_OBJECT_CONVERSION = YES_AGGRESSIVE;
				CLANG_CXX_LANGUAGE_STANDARD = "gnu++14";
				CLANG_CXX_LIBRARY = "libc++";
				CLANG_ENABLE_MODULES = YES;
				CLANG_ENABLE_OBJC_ARC = YES;
				CLANG_ENABLE_OBJC_WEAK = YES;
				CLANG_WARN_BLOCK_CAPTURE_AUTORELEASING = YES;
				CLANG_WARN_BOOL_CONVERSION = YES;
				CLANG_WARN_COMMA = YES;
				CLANG_WARN_CONSTANT_CONVERSION = YES;
				CLANG_WARN_DEPRECATED_OBJC_IMPLEMENTATIONS = YES;
				CLANG_WARN_DIRECT_OBJC_ISA_USAGE = YES_ERROR;
				CLANG_WARN_DOCUMENTATION_COMMENTS = YES;
				CLANG_WARN_EMPTY_BODY = YES;
				CLANG_WARN_ENUM_CONVERSION = YES;
				CLANG_WARN_INFINITE_RECURSION = YES;
				CLANG_WARN_INT_CONVERSION = YES;
				CLANG_WARN_NON_LITERAL_NULL_CONVERSION = YES;
				CLANG_WARN_OBJC_IMPLICIT_RETAIN_SELF = YES;
				CLANG_WARN_OBJC_LITERAL_CONVERSION = YES;
				CLANG_WARN_OBJC_ROOT_CLASS = YES_ERROR;
				CLANG_WARN_QUOTED_INCLUDE_IN_FRAMEWORK_HEADER = YES;
				CLANG_WARN_RANGE_LOOP_ANALYSIS = YES;
				CLANG_WARN_STRICT_PROTOTYPES = YES;
				CLANG_WARN_SUSPICIOUS_MOVE = YES;
				CLANG_WARN_UNGUARDED_AVAILABILITY = YES_AGGRESSIVE;
				CLANG_WARN_UNREACHABLE_CODE = YES;
				CLANG_WARN__DUPLICATE_METHOD_MATCH = YES;
				COPY_PHASE_STRIP = NO;
				DEBUG_INFORMATION_FORMAT = dwarf;
				ENABLE_STRICT_OBJC_MSGSEND = YES;
				ENABLE_TESTABILITY = YES;
				GCC_C_LANGUAGE_STANDARD = gnu11;
				GCC_DYNAMIC_NO_PIC = NO;
				GCC_NO_COMMON_BLOCKS = YES;
				GCC_OPTIMIZATION_LEVEL = 0;
				GCC_PREPROCESSOR_DEFINITIONS = (
					"DEBUG=1",
					"$(inherited)",
				);
				GCC_WARN_64_TO_32_BIT_CONVERSION = YES;
				GCC_WARN_ABOUT_RETURN_TYPE = YES_ERROR;
				GCC_WARN_UNDECLARED_SELECTOR = YES;
				GCC_WARN_UNINITIALIZED_AUTOS = YES_AGGRESSIVE;
				GCC_WARN_UNUSED_FUNCTION = YES;
				GCC_WARN_UNUSED_VARIABLE = YES;
				IPHONEOS_DEPLOYMENT_TARGET = 14.5;
				MTL_ENABLE_DEBUG_INFO = INCLUDE_SOURCE;
				MTL_FAST_MATH = YES;
				ONLY_ACTIVE_ARCH = YES;
				SDKROOT = iphoneos;
				SWIFT_ACTIVE_COMPILATION_CONDITIONS = DEBUG;
				SWIFT_OPTIMIZATION_LEVEL = "-Onone";
			};
			name = Debug;
		};
		1B8CD87E26B9D165001613B0 /* Release */ = {
			isa = XCBuildConfiguration;
			buildSettings = {
				ALWAYS_SEARCH_USER_PATHS = NO;
				CLANG_ANALYZER_NONNULL = YES;
				CLANG_ANALYZER_NUMBER_OBJECT_CONVERSION = YES_AGGRESSIVE;
				CLANG_CXX_LANGUAGE_STANDARD = "gnu++14";
				CLANG_CXX_LIBRARY = "libc++";
				CLANG_ENABLE_MODULES = YES;
				CLANG_ENABLE_OBJC_ARC = YES;
				CLANG_ENABLE_OBJC_WEAK = YES;
				CLANG_WARN_BLOCK_CAPTURE_AUTORELEASING = YES;
				CLANG_WARN_BOOL_CONVERSION = YES;
				CLANG_WARN_COMMA = YES;
				CLANG_WARN_CONSTANT_CONVERSION = YES;
				CLANG_WARN_DEPRECATED_OBJC_IMPLEMENTATIONS = YES;
				CLANG_WARN_DIRECT_OBJC_ISA_USAGE = YES_ERROR;
				CLANG_WARN_DOCUMENTATION_COMMENTS = YES;
				CLANG_WARN_EMPTY_BODY = YES;
				CLANG_WARN_ENUM_CONVERSION = YES;
				CLANG_WARN_INFINITE_RECURSION = YES;
				CLANG_WARN_INT_CONVERSION = YES;
				CLANG_WARN_NON_LITERAL_NULL_CONVERSION = YES;
				CLANG_WARN_OBJC_IMPLICIT_RETAIN_SELF = YES;
				CLANG_WARN_OBJC_LITERAL_CONVERSION = YES;
				CLANG_WARN_OBJC_ROOT_CLASS = YES_ERROR;
				CLANG_WARN_QUOTED_INCLUDE_IN_FRAMEWORK_HEADER = YES;
				CLANG_WARN_RANGE_LOOP_ANALYSIS = YES;
				CLANG_WARN_STRICT_PROTOTYPES = YES;
				CLANG_WARN_SUSPICIOUS_MOVE = YES;
				CLANG_WARN_UNGUARDED_AVAILABILITY = YES_AGGRESSIVE;
				CLANG_WARN_UNREACHABLE_CODE = YES;
				CLANG_WARN__DUPLICATE_METHOD_MATCH = YES;
				COPY_PHASE_STRIP = NO;
				DEBUG_INFORMATION_FORMAT = "dwarf-with-dsym";
				ENABLE_NS_ASSERTIONS = NO;
				ENABLE_STRICT_OBJC_MSGSEND = YES;
				GCC_C_LANGUAGE_STANDARD = gnu11;
				GCC_NO_COMMON_BLOCKS = YES;
				GCC_WARN_64_TO_32_BIT_CONVERSION = YES;
				GCC_WARN_ABOUT_RETURN_TYPE = YES_ERROR;
				GCC_WARN_UNDECLARED_SELECTOR = YES;
				GCC_WARN_UNINITIALIZED_AUTOS = YES_AGGRESSIVE;
				GCC_WARN_UNUSED_FUNCTION = YES;
				GCC_WARN_UNUSED_VARIABLE = YES;
				IPHONEOS_DEPLOYMENT_TARGET = 14.5;
				MTL_ENABLE_DEBUG_INFO = NO;
				MTL_FAST_MATH = YES;
				SDKROOT = iphoneos;
				SWIFT_COMPILATION_MODE = wholemodule;
				SWIFT_OPTIMIZATION_LEVEL = "-O";
				VALIDATE_PRODUCT = YES;
			};
			name = Release;
		};
		1B8CD88026B9D165001613B0 /* Debug */ = {
			isa = XCBuildConfiguration;
			buildSettings = {
				ASSETCATALOG_COMPILER_APPICON_NAME = AppIcon;
				ASSETCATALOG_COMPILER_GLOBAL_ACCENT_COLOR_NAME = AccentColor;
				CODE_SIGN_STYLE = Automatic;
				INFOPLIST_FILE = PokemonTCG/Info.plist;
				LD_RUNPATH_SEARCH_PATHS = (
					"$(inherited)",
					"@executable_path/Frameworks",
				);
				PRODUCT_BUNDLE_IDENTIFIER = com.sdbt.PokemonTCG;
				PRODUCT_NAME = "$(TARGET_NAME)";
				SWIFT_VERSION = 5.0;
				TARGETED_DEVICE_FAMILY = "1,2";
			};
			name = Debug;
		};
		1B8CD88126B9D165001613B0 /* Release */ = {
			isa = XCBuildConfiguration;
			buildSettings = {
				ASSETCATALOG_COMPILER_APPICON_NAME = AppIcon;
				ASSETCATALOG_COMPILER_GLOBAL_ACCENT_COLOR_NAME = AccentColor;
				CODE_SIGN_STYLE = Automatic;
				INFOPLIST_FILE = PokemonTCG/Info.plist;
				LD_RUNPATH_SEARCH_PATHS = (
					"$(inherited)",
					"@executable_path/Frameworks",
				);
				PRODUCT_BUNDLE_IDENTIFIER = com.sdbt.PokemonTCG;
				PRODUCT_NAME = "$(TARGET_NAME)";
				SWIFT_VERSION = 5.0;
				TARGETED_DEVICE_FAMILY = "1,2";
			};
			name = Release;
		};
		1B8CD88326B9D165001613B0 /* Debug */ = {
			isa = XCBuildConfiguration;
			buildSettings = {
				ALWAYS_EMBED_SWIFT_STANDARD_LIBRARIES = YES;
				BUNDLE_LOADER = "$(TEST_HOST)";
				CODE_SIGN_STYLE = Automatic;
				INFOPLIST_FILE = PokemonTCGTests/Info.plist;
				IPHONEOS_DEPLOYMENT_TARGET = 14.5;
				LD_RUNPATH_SEARCH_PATHS = (
					"$(inherited)",
					"@executable_path/Frameworks",
					"@loader_path/Frameworks",
				);
				PRODUCT_BUNDLE_IDENTIFIER = com.sdbt.PokemonTCGTests;
				PRODUCT_NAME = "$(TARGET_NAME)";
				SWIFT_VERSION = 5.0;
				TARGETED_DEVICE_FAMILY = "1,2";
				TEST_HOST = "$(BUILT_PRODUCTS_DIR)/PokemonTCG.app/PokemonTCG";
			};
			name = Debug;
		};
		1B8CD88426B9D165001613B0 /* Release */ = {
			isa = XCBuildConfiguration;
			buildSettings = {
				ALWAYS_EMBED_SWIFT_STANDARD_LIBRARIES = YES;
				BUNDLE_LOADER = "$(TEST_HOST)";
				CODE_SIGN_STYLE = Automatic;
				INFOPLIST_FILE = PokemonTCGTests/Info.plist;
				IPHONEOS_DEPLOYMENT_TARGET = 14.5;
				LD_RUNPATH_SEARCH_PATHS = (
					"$(inherited)",
					"@executable_path/Frameworks",
					"@loader_path/Frameworks",
				);
				PRODUCT_BUNDLE_IDENTIFIER = com.sdbt.PokemonTCGTests;
				PRODUCT_NAME = "$(TARGET_NAME)";
				SWIFT_VERSION = 5.0;
				TARGETED_DEVICE_FAMILY = "1,2";
				TEST_HOST = "$(BUILT_PRODUCTS_DIR)/PokemonTCG.app/PokemonTCG";
			};
			name = Release;
		};
		1B8CD88626B9D165001613B0 /* Debug */ = {
			isa = XCBuildConfiguration;
			buildSettings = {
				ALWAYS_EMBED_SWIFT_STANDARD_LIBRARIES = YES;
				CODE_SIGN_STYLE = Automatic;
				INFOPLIST_FILE = PokemonTCGUITests/Info.plist;
				LD_RUNPATH_SEARCH_PATHS = (
					"$(inherited)",
					"@executable_path/Frameworks",
					"@loader_path/Frameworks",
				);
				PRODUCT_BUNDLE_IDENTIFIER = com.sdbt.PokemonTCGUITests;
				PRODUCT_NAME = "$(TARGET_NAME)";
				SWIFT_VERSION = 5.0;
				TARGETED_DEVICE_FAMILY = "1,2";
				TEST_TARGET_NAME = PokemonTCG;
			};
			name = Debug;
		};
		1B8CD88726B9D165001613B0 /* Release */ = {
			isa = XCBuildConfiguration;
			buildSettings = {
				ALWAYS_EMBED_SWIFT_STANDARD_LIBRARIES = YES;
				CODE_SIGN_STYLE = Automatic;
				INFOPLIST_FILE = PokemonTCGUITests/Info.plist;
				LD_RUNPATH_SEARCH_PATHS = (
					"$(inherited)",
					"@executable_path/Frameworks",
					"@loader_path/Frameworks",
				);
				PRODUCT_BUNDLE_IDENTIFIER = com.sdbt.PokemonTCGUITests;
				PRODUCT_NAME = "$(TARGET_NAME)";
				SWIFT_VERSION = 5.0;
				TARGETED_DEVICE_FAMILY = "1,2";
				TEST_TARGET_NAME = PokemonTCG;
			};
			name = Release;
		};
/* End XCBuildConfiguration section */

/* Begin XCConfigurationList section */
		1B8CD85026B9D163001613B0 /* Build configuration list for PBXProject "PokemonTCG" */ = {
			isa = XCConfigurationList;
			buildConfigurations = (
				1B8CD87D26B9D165001613B0 /* Debug */,
				1B8CD87E26B9D165001613B0 /* Release */,
			);
			defaultConfigurationIsVisible = 0;
			defaultConfigurationName = Release;
		};
		1B8CD87F26B9D165001613B0 /* Build configuration list for PBXNativeTarget "PokemonTCG" */ = {
			isa = XCConfigurationList;
			buildConfigurations = (
				1B8CD88026B9D165001613B0 /* Debug */,
				1B8CD88126B9D165001613B0 /* Release */,
			);
			defaultConfigurationIsVisible = 0;
			defaultConfigurationName = Release;
		};
		1B8CD88226B9D165001613B0 /* Build configuration list for PBXNativeTarget "PokemonTCGTests" */ = {
			isa = XCConfigurationList;
			buildConfigurations = (
				1B8CD88326B9D165001613B0 /* Debug */,
				1B8CD88426B9D165001613B0 /* Release */,
			);
			defaultConfigurationIsVisible = 0;
			defaultConfigurationName = Release;
		};
		1B8CD88526B9D165001613B0 /* Build configuration list for PBXNativeTarget "PokemonTCGUITests" */ = {
			isa = XCConfigurationList;
			buildConfigurations = (
				1B8CD88626B9D165001613B0 /* Debug */,
				1B8CD88726B9D165001613B0 /* Release */,
			);
			defaultConfigurationIsVisible = 0;
			defaultConfigurationName = Release;
		};
/* End XCConfigurationList section */
	};
	rootObject = 1B8CD84D26B9D163001613B0 /* Project object */;
}
